
Microsoft Visual Studio Solution File, Format Version 12.00
# Visual Studio Version 17
VisualStudioVersion = 17.5.33516.290
MinimumVisualStudioVersion = 10.0.40219.1
Project("{FAE04EC0-301F-11D3-BF4B-00C04F79EFBC}") = "Mailfolder", "Mailfolder\Mailfolder.csproj", "{C4345CD6-3BF5-4B93-9FAF-C590ACA3DCA2}"
EndProject
Global
	GlobalSection(SolutionConfigurationPlatforms) = preSolution
		Debug|Any CPU = Debug|Any CPU
		Release|Any CPU = Release|Any CPU
	EndGlobalSection
	GlobalSection(ProjectConfigurationPlatforms) = postSolution
		{C4345CD6-3BF5-4B93-9FAF-C590ACA3DCA2}.Debug|Any CPU.ActiveCfg = Debug|Any CPU
		{C4345CD6-3BF5-4B93-9FAF-C590ACA3DCA2}.Debug|Any CPU.Build.0 = Debug|Any CPU
		{C4345CD6-3BF5-4B93-9FAF-C590ACA3DCA2}.Release|Any CPU.ActiveCfg = Release|Any CPU
		{C4345CD6-3BF5-4B93-9FAF-C590ACA3DCA2}.Release|Any CPU.Build.0 = Release|Any CPU
	EndGlobalSection
	GlobalSection(SolutionProperties) = preSolution
		HideSolutionNode = FALSE
	EndGlobalSection
	GlobalSection(ExtensibilityGlobals) = postSolution
		SolutionGuid = {255F9B04-C916-4EDD-85AC-C005FB73246F}
	EndGlobalSection
EndGlobal
